
Microsoft Visual Studio Solution File, Format Version 12.00
# Visual Studio 15
Project("{FAE04EC0-301F-11D3-BF4B-00C04F79EFBC}") = "Projeto Instalação Aquecimento", "Projeto Instalação Aquecimento.csproj", "{09F9DE0E-8171-914D-08C6-54C4152A89DD}"
EndProject
Project("{FAE04EC0-301F-11D3-BF4B-00C04F79EFBC}") = "Projeto Instalação Aquecimento.Editor", "Projeto Instalação Aquecimento.Editor.csproj", "{49B75858-665B-73F1-2140-C8FB1A87C767}"
EndProject
Global
	GlobalSection(SolutionConfigurationPlatforms) = preSolution
		Debug|Any CPU = Debug|Any CPU
		Release|Any CPU = Release|Any CPU
	EndGlobalSection
	GlobalSection(ProjectConfigurationPlatforms) = postSolution
		{09F9DE0E-8171-914D-08C6-54C4152A89DD}.Debug|Any CPU.ActiveCfg = Debug|Any CPU
		{09F9DE0E-8171-914D-08C6-54C4152A89DD}.Debug|Any CPU.Build.0 = Debug|Any CPU
		{09F9DE0E-8171-914D-08C6-54C4152A89DD}.Release|Any CPU.ActiveCfg = Release|Any CPU
		{09F9DE0E-8171-914D-08C6-54C4152A89DD}.Release|Any CPU.Build.0 = Release|Any CPU
		{49B75858-665B-73F1-2140-C8FB1A87C767}.Debug|Any CPU.ActiveCfg = Debug|Any CPU
		{49B75858-665B-73F1-2140-C8FB1A87C767}.Debug|Any CPU.Build.0 = Debug|Any CPU
		{49B75858-665B-73F1-2140-C8FB1A87C767}.Release|Any CPU.ActiveCfg = Release|Any CPU
		{49B75858-665B-73F1-2140-C8FB1A87C767}.Release|Any CPU.Build.0 = Release|Any CPU
	EndGlobalSection
	GlobalSection(SolutionProperties) = preSolution
		HideSolutionNode = FALSE
	EndGlobalSection
EndGlobal
